
Microsoft Visual Studio Solution File, Format Version 12.00
# Visual Studio Version 16
VisualStudioVersion = 16.0.29411.108
MinimumVisualStudioVersion = 10.0.40219.1
Project("{FAE04EC0-301F-11D3-BF4B-00C04F79EFBC}") = "EngEdu-2", "EngEdu-2\EngEdu-2.csproj", "{FD517009-D5DC-49B4-866B-01313F5E704D}"
EndProject
Global
	GlobalSection(SolutionConfigurationPlatforms) = preSolution
		Debug|Any CPU = Debug|Any CPU
		Release|Any CPU = Release|Any CPU
	EndGlobalSection
	GlobalSection(ProjectConfigurationPlatforms) = postSolution
		{FD517009-D5DC-49B4-866B-01313F5E704D}.Debug|Any CPU.ActiveCfg = Debug|Any CPU
		{FD517009-D5DC-49B4-866B-01313F5E704D}.Debug|Any CPU.Build.0 = Debug|Any CPU
		{FD517009-D5DC-49B4-866B-01313F5E704D}.Release|Any CPU.ActiveCfg = Release|Any CPU
		{FD517009-D5DC-49B4-866B-01313F5E704D}.Release|Any CPU.Build.0 = Release|Any CPU
	EndGlobalSection
	GlobalSection(SolutionProperties) = preSolution
		HideSolutionNode = FALSE
	EndGlobalSection
	GlobalSection(ExtensibilityGlobals) = postSolution
		SolutionGuid = {0619A64B-E8B8-41CD-BB75-F250379199E1}
	EndGlobalSection
EndGlobal
